{
  "name": "examples",
  "version": "0.0.1",
  "lockfileVersion": 1,
  "requires": true,
  "dependencies": {
    "babel-plugin-named-asset-import": {
      "version": "0.2.3",
      "resolved": "https://registry.npmjs.org/babel-plugin-named-asset-import/-/babel-plugin-named-asset-import-0.2.3.tgz",
      "integrity": "sha512-9mx2Z9M4EGbutvXxoLV7aUBCY6ps3sqLFl094FeA2tFQzQffIh0XSsmwwQRxiSfpg3rnb5x/o46qRLxS/OzFTg=="
    },
    "fiori-fundamentals": {
      "version": "1.4.1",
      "resolved": "https://registry.npmjs.org/fiori-fundamentals/-/fiori-fundamentals-1.4.1.tgz",
      "integrity": "sha512-llWVhfp9Qowig8SHBHUntLXiRnthrNTs/rS4A74fYsE2VARWaSUp67ZH9D3gpci4UTfalF6MV2hAeqjKNGLaFg=="
    }
  }
}
