{
  "name": "@jay.wang/fundamental-react",
  "version": "0.0.4",
  "lockfileVersion": 1,
  "requires": true,
  "dependencies": {
    "babel-plugin-named-asset-import": {
      "version": "0.3.0",
      "resolved": "https://registry.npmjs.org/babel-plugin-named-asset-import/-/babel-plugin-named-asset-import-0.3.0.tgz",
      "integrity": "sha512-to6Shd/r8fMRRg/MaOhDNfqpuXfjlQx3ypWDG6jh4ESCVZDJCgdgIalZbrnVlBPGgH/QeyHMjnGb2W+JJiy+NQ==",
      "dev": true
    },
    "character-entities": {
      "version": "1.2.2",
      "resolved": "https://registry.npmjs.org/character-entities/-/character-entities-1.2.2.tgz",
      "integrity": "sha512-sMoHX6/nBiy3KKfC78dnEalnpn0Az0oSNvqUWYTtYrhRI5iUIYsROU48G+E+kMFQzqXaJ8kHJZ85n7y6/PHgwQ=="
    },
    "character-entities-legacy": {
      "version": "1.1.2",
      "resolved": "https://registry.npmjs.org/character-entities-legacy/-/character-entities-legacy-1.1.2.tgz",
      "integrity": "sha512-9NB2VbXtXYWdXzqrvAHykE/f0QJxzaKIpZ5QzNZrrgQ7Iyxr2vnfS8fCBNVW9nUEZE0lo57nxKRqnzY/dKrwlA=="
    },
    "character-reference-invalid": {
      "version": "1.1.2",
      "resolved": "https://registry.npmjs.org/character-reference-invalid/-/character-reference-invalid-1.1.2.tgz",
      "integrity": "sha512-7I/xceXfKyUJmSAn/jw8ve/9DyOP7XxufNYLI9Px7CmsKgEUaZLUTax6nZxGQtaoiZCjpu6cHPj20xC/vqRReQ=="
    },
    "clipboard": {
      "version": "2.0.4",
      "resolved": "https://registry.npmjs.org/clipboard/-/clipboard-2.0.4.tgz",
      "integrity": "sha512-Vw26VSLRpJfBofiVaFb/I8PVfdI1OxKcYShe6fm0sP/DtmiWQNCjhM/okTvdCo0G+lMMm1rMYbk4IK4x1X+kgQ==",
      "optional": true,
      "requires": {
        "good-listener": "^1.2.2",
        "select": "^1.1.2",
        "tiny-emitter": "^2.0.0"
      }
    },
    "comma-separated-tokens": {
      "version": "1.0.5",
      "resolved": "https://registry.npmjs.org/comma-separated-tokens/-/comma-separated-tokens-1.0.5.tgz",
      "integrity": "sha512-Cg90/fcK93n0ecgYTAz1jaA3zvnQ0ExlmKY1rdbyHqAx6BHxwoJc+J7HDu0iuQ7ixEs1qaa+WyQ6oeuBpYP1iA==",
      "requires": {
        "trim": "0.0.1"
      }
    },
    "delegate": {
      "version": "3.2.0",
      "resolved": "https://registry.npmjs.org/delegate/-/delegate-3.2.0.tgz",
      "integrity": "sha512-IofjkYBZaZivn0V8nnsMJGBr4jVLxHDheKSW88PyxS5QC4Vo9ZbZVvhzlSxY87fVq3STR6r+4cGepyHkcWOQSw==",
      "optional": true
    },
    "fault": {
      "version": "1.0.2",
      "resolved": "https://registry.npmjs.org/fault/-/fault-1.0.2.tgz",
      "integrity": "sha512-o2eo/X2syzzERAtN5LcGbiVQ0WwZSlN3qLtadwAz3X8Bu+XWD16dja/KMsjZLiQr+BLGPDnHGkc4yUJf1Xpkpw==",
      "requires": {
        "format": "^0.2.2"
      }
    },
    "format": {
      "version": "0.2.2",
      "resolved": "https://registry.npmjs.org/format/-/format-0.2.2.tgz",
      "integrity": "sha1-1hcBB+nv3E7TDJ3DkBbflCtctYs="
    },
    "good-listener": {
      "version": "1.2.2",
      "resolved": "https://registry.npmjs.org/good-listener/-/good-listener-1.2.2.tgz",
      "integrity": "sha1-1TswzfkxPf+33JoNR3CWqm0UXFA=",
      "optional": true,
      "requires": {
        "delegate": "^3.1.2"
      }
    },
    "hast-util-parse-selector": {
      "version": "2.2.1",
      "resolved": "https://registry.npmjs.org/hast-util-parse-selector/-/hast-util-parse-selector-2.2.1.tgz",
      "integrity": "sha512-Xyh0v+nHmQvrOqop2Jqd8gOdyQtE8sIP9IQf7mlVDqp924W4w/8Liuguk2L2qei9hARnQSG2m+wAOCxM7npJVw=="
    },
    "hastscript": {
      "version": "5.0.0",
      "resolved": "https://registry.npmjs.org/hastscript/-/hastscript-5.0.0.tgz",
      "integrity": "sha512-xJtuJ8D42Xtq5yJrnDg/KAIxl2cXBXKoiIJwmWX9XMf8113qHTGl/Bf7jEsxmENJ4w6q4Tfl8s/Y6mEZo8x8qw==",
      "requires": {
        "comma-separated-tokens": "^1.0.0",
        "hast-util-parse-selector": "^2.2.0",
        "property-information": "^5.0.1",
        "space-separated-tokens": "^1.0.0"
      }
    },
    "highlight.js": {
      "version": "9.12.0",
      "resolved": "https://registry.npmjs.org/highlight.js/-/highlight.js-9.12.0.tgz",
      "integrity": "sha1-5tnb5Xy+/mB1HwKvM2GVhwyQwB4="
    },
    "is-alphabetical": {
      "version": "1.0.2",
      "resolved": "https://registry.npmjs.org/is-alphabetical/-/is-alphabetical-1.0.2.tgz",
      "integrity": "sha512-V0xN4BYezDHcBSKb1QHUFMlR4as/XEuCZBzMJUU4n7+Cbt33SmUnSol+pnXFvLxSHNq2CemUXNdaXV6Flg7+xg=="
    },
    "is-alphanumerical": {
      "version": "1.0.2",
      "resolved": "https://registry.npmjs.org/is-alphanumerical/-/is-alphanumerical-1.0.2.tgz",
      "integrity": "sha512-pyfU/0kHdISIgslFfZN9nfY1Gk3MquQgUm1mJTjdkEPpkAKNWuBTSqFwewOpR7N351VkErCiyV71zX7mlQQqsg==",
      "requires": {
        "is-alphabetical": "^1.0.0",
        "is-decimal": "^1.0.0"
      }
    },
    "is-decimal": {
      "version": "1.0.2",
      "resolved": "https://registry.npmjs.org/is-decimal/-/is-decimal-1.0.2.tgz",
      "integrity": "sha512-TRzl7mOCchnhchN+f3ICUCzYvL9ul7R+TYOsZ8xia++knyZAJfv/uA1FvQXsAnYIl1T3B2X5E/J7Wb1QXiIBXg=="
    },
    "is-hexadecimal": {
      "version": "1.0.2",
      "resolved": "https://registry.npmjs.org/is-hexadecimal/-/is-hexadecimal-1.0.2.tgz",
      "integrity": "sha512-but/G3sapV3MNyqiDBLrOi4x8uCIw0RY3o/Vb5GT0sMFHrVV7731wFSVy41T5FO1og7G0gXLJh0MkgPRouko/A=="
    },
    "lowlight": {
      "version": "1.9.2",
      "resolved": "https://registry.npmjs.org/lowlight/-/lowlight-1.9.2.tgz",
      "integrity": "sha512-Ek18ElVCf/wF/jEm1b92gTnigh94CtBNWiZ2ad+vTgW7cTmQxUY3I98BjHK68gZAJEWmybGBZgx9qv3QxLQB/Q==",
      "requires": {
        "fault": "^1.0.2",
        "highlight.js": "~9.12.0"
      }
    },
    "parse-entities": {
      "version": "1.2.0",
      "resolved": "https://registry.npmjs.org/parse-entities/-/parse-entities-1.2.0.tgz",
      "integrity": "sha512-XXtDdOPLSB0sHecbEapQi6/58U/ODj/KWfIXmmMCJF/eRn8laX6LZbOyioMoETOOJoWRW8/qTSl5VQkUIfKM5g==",
      "requires": {
        "character-entities": "^1.0.0",
        "character-entities-legacy": "^1.0.0",
        "character-reference-invalid": "^1.0.0",
        "is-alphanumerical": "^1.0.0",
        "is-decimal": "^1.0.0",
        "is-hexadecimal": "^1.0.0"
      }
    },
    "prismjs": {
      "version": "1.15.0",
      "resolved": "https://registry.npmjs.org/prismjs/-/prismjs-1.15.0.tgz",
      "integrity": "sha512-Lf2JrFYx8FanHrjoV5oL8YHCclLQgbJcVZR+gikGGMqz6ub5QVWDTM6YIwm3BuPxM/LOV+rKns3LssXNLIf+DA==",
      "requires": {
        "clipboard": "^2.0.0"
      }
    },
    "property-information": {
      "version": "5.0.1",
      "resolved": "https://registry.npmjs.org/property-information/-/property-information-5.0.1.tgz",
      "integrity": "sha512-nAtBDVeSwFM3Ot/YxT7s4NqZmqXI7lLzf46BThvotEtYf2uk2yH0ACYuWQkJ7gxKs49PPtKVY0UlDGkyN9aJlw==",
      "requires": {
        "xtend": "^4.0.1"
      }
    },
    "react-syntax-highlighter": {
      "version": "10.1.2",
      "resolved": "https://registry.npmjs.org/react-syntax-highlighter/-/react-syntax-highlighter-10.1.2.tgz",
      "integrity": "sha512-p/xy9rb13Cr+SaErdOvJWTYH8moDrlszv4LPDd314pk5PmT6OTWQYFy66tBZFWhM2xk6bh4BttTU9SYje5c75g==",
      "requires": {
        "@babel/runtime": "^7.1.2",
        "highlight.js": "~9.12.0",
        "lowlight": "~1.9.1",
        "prismjs": "^1.8.4",
        "refractor": "^2.4.1"
      },
      "dependencies": {
        "@babel/runtime": {
          "version": "7.2.0",
          "resolved": "https://registry.npmjs.org/@babel/runtime/-/runtime-7.2.0.tgz",
          "integrity": "sha512-oouEibCbHMVdZSDlJBO6bZmID/zA/G/Qx3H1d3rSNPTD+L8UNKvCat7aKWSJ74zYbm5zWGh0GQN0hKj8zYFTCg==",
          "requires": {
            "regenerator-runtime": "^0.12.0"
          }
        },
        "regenerator-runtime": {
          "version": "0.12.1",
          "resolved": "https://registry.npmjs.org/regenerator-runtime/-/regenerator-runtime-0.12.1.tgz",
          "integrity": "sha512-odxIc1/vDlo4iZcfXqRYFj0vpXFNoGdKMAUieAlFYO6m/nl5e9KR/beGf41z4a1FI+aQgtjhuaSlDxQ0hmkrHg=="
        }
      }
    },
    "refractor": {
      "version": "2.6.2",
      "resolved": "https://registry.npmjs.org/refractor/-/refractor-2.6.2.tgz",
      "integrity": "sha512-AMNEGkhaXfhoa0/0mW0bHdfizDJnuHDK29/D5oQaKICf6DALQ+kDEHW/36oDHCdfva4XrZ+cdMhRvPsTI4OIjA==",
      "requires": {
        "hastscript": "^5.0.0",
        "parse-entities": "^1.1.2",
        "prismjs": "~1.15.0"
      }
    },
    "select": {
      "version": "1.1.2",
      "resolved": "https://registry.npmjs.org/select/-/select-1.1.2.tgz",
      "integrity": "sha1-DnNQrN7ICxEIUoeG7B1EGNEbOW0=",
      "optional": true
    },
    "space-separated-tokens": {
      "version": "1.1.2",
      "resolved": "https://registry.npmjs.org/space-separated-tokens/-/space-separated-tokens-1.1.2.tgz",
      "integrity": "sha512-G3jprCEw+xFEs0ORweLmblJ3XLymGGr6hxZYTYZjIlvDti9vOBUjRQa1Rzjt012aRrocKstHwdNi+F7HguPsEA==",
      "requires": {
        "trim": "0.0.1"
      }
    },
    "tiny-emitter": {
      "version": "2.0.2",
      "resolved": "https://registry.npmjs.org/tiny-emitter/-/tiny-emitter-2.0.2.tgz",
      "integrity": "sha512-2NM0auVBGft5tee/OxP4PI3d8WItkDM+fPnaRAVo6xTDI2knbz9eC5ArWGqtGlYqiH3RU5yMpdyTTO7MguC4ow==",
      "optional": true
    },
    "trim": {
      "version": "0.0.1",
      "resolved": "https://registry.npmjs.org/trim/-/trim-0.0.1.tgz",
      "integrity": "sha1-WFhUf2spB1fulczMZm+1AITEYN0="
    },
    "xtend": {
      "version": "4.0.1",
      "resolved": "https://registry.npmjs.org/xtend/-/xtend-4.0.1.tgz",
      "integrity": "sha1-pcbVMr5lbiPbgg77lDofBJmNY68="
    }
  }
}
